
Microsoft Visual Studio Solution File, Format Version 12.00
# Visual Studio Version 16
VisualStudioVersion = 16.0.29306.81
MinimumVisualStudioVersion = 10.0.40219.1
Project("{FAE04EC0-301F-11D3-BF4B-00C04F79EFBC}") = "CW", "CW\CW.csproj", "{BA9C5ED3-B119-4006-B26C-8CA3E3FA1493}"
EndProject
Global
	GlobalSection(SolutionConfigurationPlatforms) = preSolution
		Debug|Any CPU = Debug|Any CPU
		Release|Any CPU = Release|Any CPU
	EndGlobalSection
	GlobalSection(ProjectConfigurationPlatforms) = postSolution
		{BA9C5ED3-B119-4006-B26C-8CA3E3FA1493}.Debug|Any CPU.ActiveCfg = Debug|Any CPU
		{BA9C5ED3-B119-4006-B26C-8CA3E3FA1493}.Debug|Any CPU.Build.0 = Debug|Any CPU
		{BA9C5ED3-B119-4006-B26C-8CA3E3FA1493}.Release|Any CPU.ActiveCfg = Release|Any CPU
		{BA9C5ED3-B119-4006-B26C-8CA3E3FA1493}.Release|Any CPU.Build.0 = Release|Any CPU
	EndGlobalSection
	GlobalSection(SolutionProperties) = preSolution
		HideSolutionNode = FALSE
	EndGlobalSection
	GlobalSection(ExtensibilityGlobals) = postSolution
		SolutionGuid = {728E6D66-7871-494E-B39C-8F2BEDA1954E}
	EndGlobalSection
EndGlobal
