
Microsoft Visual Studio Solution File, Format Version 12.00
# Visual Studio Version 16
VisualStudioVersion = 16.0.29306.81
MinimumVisualStudioVersion = 10.0.40219.1
Project("{FAE04EC0-301F-11D3-BF4B-00C04F79EFBC}") = "CW3", "CW3\CW3.csproj", "{4ED5F75E-A79C-49EB-9D0D-71D2EFB7E96B}"
EndProject
Project("{FAE04EC0-301F-11D3-BF4B-00C04F79EFBC}") = "CW3Library", "CW3Library\CW3Library.csproj", "{D2EF2BC2-C36C-4801-8600-C7ED37BD8629}"
EndProject
Project("{FAE04EC0-301F-11D3-BF4B-00C04F79EFBC}") = "CW3Tests", "CW3Tests\CW3Tests.csproj", "{53C75129-B807-49C4-981A-CB10B4C4918E}"
EndProject
Global
	GlobalSection(SolutionConfigurationPlatforms) = preSolution
		Debug|Any CPU = Debug|Any CPU
		Release|Any CPU = Release|Any CPU
	EndGlobalSection
	GlobalSection(ProjectConfigurationPlatforms) = postSolution
		{4ED5F75E-A79C-49EB-9D0D-71D2EFB7E96B}.Debug|Any CPU.ActiveCfg = Debug|Any CPU
		{4ED5F75E-A79C-49EB-9D0D-71D2EFB7E96B}.Debug|Any CPU.Build.0 = Debug|Any CPU
		{4ED5F75E-A79C-49EB-9D0D-71D2EFB7E96B}.Release|Any CPU.ActiveCfg = Release|Any CPU
		{4ED5F75E-A79C-49EB-9D0D-71D2EFB7E96B}.Release|Any CPU.Build.0 = Release|Any CPU
		{D2EF2BC2-C36C-4801-8600-C7ED37BD8629}.Debug|Any CPU.ActiveCfg = Debug|Any CPU
		{D2EF2BC2-C36C-4801-8600-C7ED37BD8629}.Debug|Any CPU.Build.0 = Debug|Any CPU
		{D2EF2BC2-C36C-4801-8600-C7ED37BD8629}.Release|Any CPU.ActiveCfg = Release|Any CPU
		{D2EF2BC2-C36C-4801-8600-C7ED37BD8629}.Release|Any CPU.Build.0 = Release|Any CPU
		{53C75129-B807-49C4-981A-CB10B4C4918E}.Debug|Any CPU.ActiveCfg = Debug|Any CPU
		{53C75129-B807-49C4-981A-CB10B4C4918E}.Debug|Any CPU.Build.0 = Debug|Any CPU
		{53C75129-B807-49C4-981A-CB10B4C4918E}.Release|Any CPU.ActiveCfg = Release|Any CPU
		{53C75129-B807-49C4-981A-CB10B4C4918E}.Release|Any CPU.Build.0 = Release|Any CPU
	EndGlobalSection
	GlobalSection(SolutionProperties) = preSolution
		HideSolutionNode = FALSE
	EndGlobalSection
	GlobalSection(ExtensibilityGlobals) = postSolution
		SolutionGuid = {0DA3678D-B8FC-4355-B3C3-7300919042C4}
	EndGlobalSection
EndGlobal
