
Microsoft Visual Studio Solution File, Format Version 12.00
# Visual Studio Version 16
VisualStudioVersion = 16.0.29306.81
MinimumVisualStudioVersion = 10.0.40219.1
Project("{FAE04EC0-301F-11D3-BF4B-00C04F79EFBC}") = "Homework6", "Homework6\Homework6.csproj", "{E436C965-B5B4-4701-8EE6-ABED08A79790}"
EndProject
Global
	GlobalSection(SolutionConfigurationPlatforms) = preSolution
		Debug|Any CPU = Debug|Any CPU
		Release|Any CPU = Release|Any CPU
	EndGlobalSection
	GlobalSection(ProjectConfigurationPlatforms) = postSolution
		{E436C965-B5B4-4701-8EE6-ABED08A79790}.Debug|Any CPU.ActiveCfg = Debug|Any CPU
		{E436C965-B5B4-4701-8EE6-ABED08A79790}.Debug|Any CPU.Build.0 = Debug|Any CPU
		{E436C965-B5B4-4701-8EE6-ABED08A79790}.Release|Any CPU.ActiveCfg = Release|Any CPU
		{E436C965-B5B4-4701-8EE6-ABED08A79790}.Release|Any CPU.Build.0 = Release|Any CPU
	EndGlobalSection
	GlobalSection(SolutionProperties) = preSolution
		HideSolutionNode = FALSE
	EndGlobalSection
	GlobalSection(ExtensibilityGlobals) = postSolution
		SolutionGuid = {F669E375-9EF6-479B-8CC5-EB7C02B63478}
	EndGlobalSection
EndGlobal
